# THIS IS AN AUTOGENERATED FILE. DO NOT EDIT THIS FILE DIRECTLY.
# yarn lockfile v1


"@types/bson@*", "@types/bson@1.x || 4.0.x":
  version "4.0.5"
  resolved "https://registry.yarnpkg.com/@types/bson/-/bson-4.0.5.tgz#9e0e1d1a6f8866483f96868a9b33bc804926b1fc"
  dependencies:
    "@types/node" "*"

"@types/mongodb@^3.5.27":
  version "3.6.20"
  resolved "https://registry.npmjs.org/@types/mongodb/-/mongodb-3.6.20.tgz"
  dependencies:
    "@types/bson" "*"
    "@types/node" "*"

"@types/mongoose@^5.11.97":
  version "5.11.97"
  resolved "https://registry.npmjs.org/@types/mongoose/-/mongoose-5.11.97.tgz"
  dependencies:
    mongoose "*"

"@types/node@*":
  version "16.3.2"
  resolved "https://registry.npmjs.org/@types/node/-/node-16.3.2.tgz"

bl@^2.2.1:
  version "2.2.1"
  resolved "https://registry.npmjs.org/bl/-/bl-2.2.1.tgz"
  dependencies:
    readable-stream "^2.3.5"
    safe-buffer "^5.1.1"

bluebird@3.5.1:
  version "3.5.1"
  resolved "https://registry.npmjs.org/bluebird/-/bluebird-3.5.1.tgz"

bson@^1.1.4:
  version "1.1.6"
  resolved "https://registry.npmjs.org/bson/-/bson-1.1.6.tgz"

core-util-is@~1.0.0:
  version "1.0.2"
  resolved "https://registry.npmjs.org/core-util-is/-/core-util-is-1.0.2.tgz"

debug@3.1.0:
  version "3.1.0"
  resolved "https://registry.npmjs.org/debug/-/debug-3.1.0.tgz"
  dependencies:
    ms "2.0.0"

denque@^1.4.1:
  version "1.5.0"
  resolved "https://registry.npmjs.org/denque/-/denque-1.5.0.tgz"

inherits@~2.0.3:
  version "2.0.4"
  resolved "https://registry.npmjs.org/inherits/-/inherits-2.0.4.tgz"

isarray@~1.0.0:
  version "1.0.0"
  resolved "https://registry.npmjs.org/isarray/-/isarray-1.0.0.tgz"

kareem@2.3.2:
  version "2.3.2"
  resolved "https://registry.npmjs.org/kareem/-/kareem-2.3.2.tgz"

memory-pager@^1.0.2:
  version "1.5.0"
  resolved "https://registry.npmjs.org/memory-pager/-/memory-pager-1.5.0.tgz"

mongodb@3.7.3:
  version "3.7.3"
  resolved "https://registry.yarnpkg.com/mongodb/-/mongodb-3.7.3.tgz#b7949cfd0adc4cc7d32d3f2034214d4475f175a5"
  dependencies:
    bl "^2.2.1"
    bson "^1.1.4"
    denque "^1.4.1"
    optional-require "^1.1.8"
    safe-buffer "^5.1.2"
  optionalDependencies:
    saslprep "^1.0.0"

mongoose-fuzzy-searching@^2.0.2:
  version "2.0.2"
  resolved "https://registry.npmjs.org/mongoose-fuzzy-searching/-/mongoose-fuzzy-searching-2.0.2.tgz"

mongoose-legacy-pluralize@1.0.2:
  version "1.0.2"
  resolved "https://registry.npmjs.org/mongoose-legacy-pluralize/-/mongoose-legacy-pluralize-1.0.2.tgz"

mongoose@*, mongoose@^5.13.2:
  version "5.13.15"
  resolved "https://registry.yarnpkg.com/mongoose/-/mongoose-5.13.15.tgz#ba2cd0f22c1a5dd9ae15aaf6b10f03c59a4202dd"
  dependencies:
    "@types/bson" "1.x || 4.0.x"
    "@types/mongodb" "^3.5.27"
    bson "^1.1.4"
    kareem "2.3.2"
    mongodb "3.7.3"
    mongoose-legacy-pluralize "1.0.2"
    mpath "0.8.4"
    mquery "3.2.5"
    ms "2.1.2"
    optional-require "1.0.x"
    regexp-clone "1.0.0"
    safe-buffer "5.2.1"
    sift "13.5.2"
    sliced "1.0.1"

moniker@^0.1.2:
  version "0.1.2"
  resolved "https://registry.npmjs.org/moniker/-/moniker-0.1.2.tgz"

mpath@0.8.4:
  version "0.8.4"
  resolved "https://registry.yarnpkg.com/mpath/-/mpath-0.8.4.tgz#6b566d9581621d9e931dd3b142ed3618e7599313"

mquery@3.2.5:
  version "3.2.5"
  resolved "https://registry.npmjs.org/mquery/-/mquery-3.2.5.tgz"
  dependencies:
    bluebird "3.5.1"
    debug "3.1.0"
    regexp-clone "^1.0.0"
    safe-buffer "5.1.2"
    sliced "1.0.1"

ms@2.0.0:
  version "2.0.0"
  resolved "https://registry.npmjs.org/ms/-/ms-2.0.0.tgz"

ms@2.1.2:
  version "2.1.2"
  resolved "https://registry.npmjs.org/ms/-/ms-2.1.2.tgz"

nanoid@^3.1.23:
  version "3.1.23"
  resolved "https://registry.npmjs.org/nanoid/-/nanoid-3.1.23.tgz"

optional-require@1.0.x:
  version "1.0.3"
  resolved "https://registry.npmjs.org/optional-require/-/optional-require-1.0.3.tgz"

optional-require@^1.1.8:
  version "1.1.8"
  resolved "https://registry.yarnpkg.com/optional-require/-/optional-require-1.1.8.tgz#16364d76261b75d964c482b2406cb824d8ec44b7"
  dependencies:
    require-at "^1.0.6"

process-nextick-args@~2.0.0:
  version "2.0.1"
  resolved "https://registry.npmjs.org/process-nextick-args/-/process-nextick-args-2.0.1.tgz"

readable-stream@^2.3.5:
  version "2.3.7"
  resolved "https://registry.npmjs.org/readable-stream/-/readable-stream-2.3.7.tgz"
  dependencies:
    core-util-is "~1.0.0"
    inherits "~2.0.3"
    isarray "~1.0.0"
    process-nextick-args "~2.0.0"
    safe-buffer "~5.1.1"
    string_decoder "~1.1.1"
    util-deprecate "~1.0.1"

regexp-clone@1.0.0, regexp-clone@^1.0.0:
  version "1.0.0"
  resolved "https://registry.npmjs.org/regexp-clone/-/regexp-clone-1.0.0.tgz"

require-at@^1.0.6:
  version "1.0.6"
  resolved "https://registry.yarnpkg.com/require-at/-/require-at-1.0.6.tgz#9eb7e3c5e00727f5a4744070a7f560d4de4f6e6a"

safe-buffer@5.1.2, safe-buffer@~5.1.0, safe-buffer@~5.1.1:
  version "5.1.2"
  resolved "https://registry.npmjs.org/safe-buffer/-/safe-buffer-5.1.2.tgz"

safe-buffer@5.2.1, safe-buffer@^5.1.1, safe-buffer@^5.1.2:
  version "5.2.1"
  resolved "https://registry.npmjs.org/safe-buffer/-/safe-buffer-5.2.1.tgz"

saslprep@^1.0.0:
  version "1.0.3"
  resolved "https://registry.npmjs.org/saslprep/-/saslprep-1.0.3.tgz"
  dependencies:
    sparse-bitfield "^3.0.3"

sift@13.5.2:
  version "13.5.2"
  resolved "https://registry.npmjs.org/sift/-/sift-13.5.2.tgz"

sliced@1.0.1:
  version "1.0.1"
  resolved "https://registry.npmjs.org/sliced/-/sliced-1.0.1.tgz"

sparse-bitfield@^3.0.3:
  version "3.0.3"
  resolved "https://registry.npmjs.org/sparse-bitfield/-/sparse-bitfield-3.0.3.tgz"
  dependencies:
    memory-pager "^1.0.2"

string_decoder@~1.1.1:
  version "1.1.1"
  resolved "https://registry.npmjs.org/string_decoder/-/string_decoder-1.1.1.tgz"
  dependencies:
    safe-buffer "~5.1.0"

typescript@^4.3.5:
  version "4.3.5"
  resolved "https://registry.npmjs.org/typescript/-/typescript-4.3.5.tgz"

util-deprecate@~1.0.1:
  version "1.0.2"
  resolved "https://registry.npmjs.org/util-deprecate/-/util-deprecate-1.0.2.tgz"
